
Microsoft Visual Studio Solution File, Format Version 12.00
# Visual Studio Version 17
VisualStudioVersion = 17.4.33110.190
MinimumVisualStudioVersion = 10.0.40219.1
Project("{9A19103F-16F7-4668-BE54-9A1E7A4F7556}") = "RustDeskApi", "RustDeskApi\RustDeskApi.csproj", "{FAFA5779-3F37-446E-AC48-89448DDE7CEA}"
EndProject
Project("{2150E333-8FDC-42A3-9474-1A3956D46DE8}") = "Solution", "Solution", "{05362BD1-0537-45AF-9C1E-A4383CE29D0E}"
	ProjectSection(SolutionItems) = preProject
		LICENSE.txt = LICENSE.txt
		README.md = README.md
	EndProjectSection
EndProject
Project("{2150E333-8FDC-42A3-9474-1A3956D46DE8}") = "install", "install", "{8B276CF3-62D0-4B35-8030-E261608BA3FA}"
	ProjectSection(SolutionItems) = preProject
		install\install.sh = install\install.sh
		install\rustdeskapi.service = install\rustdeskapi.service
	EndProjectSection
EndProject
Global
	GlobalSection(SolutionConfigurationPlatforms) = preSolution
		Debug|Any CPU = Debug|Any CPU
		Release|Any CPU = Release|Any CPU
	EndGlobalSection
	GlobalSection(ProjectConfigurationPlatforms) = postSolution
		{FAFA5779-3F37-446E-AC48-89448DDE7CEA}.Debug|Any CPU.ActiveCfg = Debug|Any CPU
		{FAFA5779-3F37-446E-AC48-89448DDE7CEA}.Debug|Any CPU.Build.0 = Debug|Any CPU
		{FAFA5779-3F37-446E-AC48-89448DDE7CEA}.Release|Any CPU.ActiveCfg = Release|Any CPU
		{FAFA5779-3F37-446E-AC48-89448DDE7CEA}.Release|Any CPU.Build.0 = Release|Any CPU
	EndGlobalSection
	GlobalSection(SolutionProperties) = preSolution
		HideSolutionNode = FALSE
	EndGlobalSection
	GlobalSection(NestedProjects) = preSolution
		{8B276CF3-62D0-4B35-8030-E261608BA3FA} = {05362BD1-0537-45AF-9C1E-A4383CE29D0E}
	EndGlobalSection
	GlobalSection(ExtensibilityGlobals) = postSolution
		SolutionGuid = {B7A6211E-5938-4B71-8095-7F8598F77C6B}
	EndGlobalSection
EndGlobal
